
Microsoft Visual Studio Solution File, Format Version 12.00
# Visual Studio Version 16
VisualStudioVersion = 16.0.29403.142
MinimumVisualStudioVersion = 10.0.40219.1
Project("{F184B08F-C81C-45F6-A57F-5ABD9991F28F}") = "MoneyTransactions.Web", "MoneyTransactions.Web.vbproj", "{BC9CF114-931B-45FA-8AD4-C1ABEEF89CC1}"
EndProject
Project("{FAE04EC0-301F-11D3-BF4B-00C04F79EFBC}") = "MoneyTransactions.DAL", "..\MoneyTransactions.DAL\MoneyTransactions.DAL.csproj", "{25B4A4C2-DA93-4DAD-A505-38FA0F602209}"
EndProject
Project("{FAE04EC0-301F-11D3-BF4B-00C04F79EFBC}") = "MoneyTransactions.BUS", "..\MoneyTransactions.BUS\MoneyTransactions.BUS.csproj", "{29B3D01E-1051-43A4-8FE3-0B54D9ACBB02}"
EndProject
Project("{FAE04EC0-301F-11D3-BF4B-00C04F79EFBC}") = "MoneyTransactions.DTO", "..\MoneyTransactions.DTO\MoneyTransactions.DTO.csproj", "{ACDF97FC-9395-4525-977D-AFCB314F2A4C}"
EndProject
Global
	GlobalSection(SolutionConfigurationPlatforms) = preSolution
		Debug|Any CPU = Debug|Any CPU
		Release|Any CPU = Release|Any CPU
	EndGlobalSection
	GlobalSection(ProjectConfigurationPlatforms) = postSolution
		{BC9CF114-931B-45FA-8AD4-C1ABEEF89CC1}.Debug|Any CPU.ActiveCfg = Debug|Any CPU
		{BC9CF114-931B-45FA-8AD4-C1ABEEF89CC1}.Debug|Any CPU.Build.0 = Debug|Any CPU
		{BC9CF114-931B-45FA-8AD4-C1ABEEF89CC1}.Release|Any CPU.ActiveCfg = Release|Any CPU
		{BC9CF114-931B-45FA-8AD4-C1ABEEF89CC1}.Release|Any CPU.Build.0 = Release|Any CPU
		{25B4A4C2-DA93-4DAD-A505-38FA0F602209}.Debug|Any CPU.ActiveCfg = Debug|Any CPU
		{25B4A4C2-DA93-4DAD-A505-38FA0F602209}.Debug|Any CPU.Build.0 = Debug|Any CPU
		{25B4A4C2-DA93-4DAD-A505-38FA0F602209}.Release|Any CPU.ActiveCfg = Release|Any CPU
		{25B4A4C2-DA93-4DAD-A505-38FA0F602209}.Release|Any CPU.Build.0 = Release|Any CPU
		{29B3D01E-1051-43A4-8FE3-0B54D9ACBB02}.Debug|Any CPU.ActiveCfg = Debug|Any CPU
		{29B3D01E-1051-43A4-8FE3-0B54D9ACBB02}.Debug|Any CPU.Build.0 = Debug|Any CPU
		{29B3D01E-1051-43A4-8FE3-0B54D9ACBB02}.Release|Any CPU.ActiveCfg = Release|Any CPU
		{29B3D01E-1051-43A4-8FE3-0B54D9ACBB02}.Release|Any CPU.Build.0 = Release|Any CPU
		{ACDF97FC-9395-4525-977D-AFCB314F2A4C}.Debug|Any CPU.ActiveCfg = Debug|Any CPU
		{ACDF97FC-9395-4525-977D-AFCB314F2A4C}.Debug|Any CPU.Build.0 = Debug|Any CPU
		{ACDF97FC-9395-4525-977D-AFCB314F2A4C}.Release|Any CPU.ActiveCfg = Release|Any CPU
		{ACDF97FC-9395-4525-977D-AFCB314F2A4C}.Release|Any CPU.Build.0 = Release|Any CPU
	EndGlobalSection
	GlobalSection(SolutionProperties) = preSolution
		HideSolutionNode = FALSE
	EndGlobalSection
	GlobalSection(ExtensibilityGlobals) = postSolution
		SolutionGuid = {38787704-DB79-44C4-B7A3-60F95D2DF86A}
	EndGlobalSection
EndGlobal
